
Microsoft Visual Studio Solution File, Format Version 12.00
# Visual Studio Version 17
VisualStudioVersion = 17.11.35222.181
MinimumVisualStudioVersion = 10.0.40219.1
Project("{FAE04EC0-301F-11D3-BF4B-00C04F79EFBC}") = "Resourcia.Api", "Resourcia.Api\Resourcia.Api.csproj", "{AB7D1F15-F93C-F0C7-DA44-E02C003CA82E}"
EndProject
Project("{FAE04EC0-301F-11D3-BF4B-00C04F79EFBC}") = "Resourcia.Data", "Resourcia.Data\Resourcia.Data.csproj", "{37407EBE-CBD1-3D21-44C6-7B204C0B8756}"
EndProject
Project("{E53339B2-1760-4266-BCC7-CA923CBCF16C}") = "docker-compose", "docker-compose.dcproj", "{81DDED9D-158B-E303-5F62-77A2896D2A5A}"
EndProject
Project("{FAE04EC0-301F-11D3-BF4B-00C04F79EFBC}") = "Resourcia.Api.UnitTests", "Resourcia.Api.UnitTests\Resourcia.Api.UnitTests.csproj", "{8EEDFD61-9857-4A46-8FD9-9AE72A59146C}"
EndProject
Project("{FAE04EC0-301F-11D3-BF4B-00C04F79EFBC}") = "Resourcia.Api.IntegrationTests", "Resourcia.Api.IntegrationTests\Resourcia.Api.IntegrationTests.csproj", "{02DD638D-C5EC-4CFA-BDC3-D83EC3A6271E}"
EndProject
Global
	GlobalSection(SolutionConfigurationPlatforms) = preSolution
		Debug|Any CPU = Debug|Any CPU
		Debug|x64 = Debug|x64
		Debug|x86 = Debug|x86
		Release|Any CPU = Release|Any CPU
		Release|x64 = Release|x64
		Release|x86 = Release|x86
	EndGlobalSection
	GlobalSection(ProjectConfigurationPlatforms) = postSolution
		{AB7D1F15-F93C-F0C7-DA44-E02C003CA82E}.Debug|Any CPU.ActiveCfg = Debug|Any CPU
		{AB7D1F15-F93C-F0C7-DA44-E02C003CA82E}.Debug|Any CPU.Build.0 = Debug|Any CPU
		{AB7D1F15-F93C-F0C7-DA44-E02C003CA82E}.Debug|x64.ActiveCfg = Debug|Any CPU
		{AB7D1F15-F93C-F0C7-DA44-E02C003CA82E}.Debug|x64.Build.0 = Debug|Any CPU
		{AB7D1F15-F93C-F0C7-DA44-E02C003CA82E}.Debug|x86.ActiveCfg = Debug|Any CPU
		{AB7D1F15-F93C-F0C7-DA44-E02C003CA82E}.Debug|x86.Build.0 = Debug|Any CPU
		{AB7D1F15-F93C-F0C7-DA44-E02C003CA82E}.Release|Any CPU.ActiveCfg = Release|Any CPU
		{AB7D1F15-F93C-F0C7-DA44-E02C003CA82E}.Release|Any CPU.Build.0 = Release|Any CPU
		{AB7D1F15-F93C-F0C7-DA44-E02C003CA82E}.Release|x64.ActiveCfg = Release|Any CPU
		{AB7D1F15-F93C-F0C7-DA44-E02C003CA82E}.Release|x64.Build.0 = Release|Any CPU
		{AB7D1F15-F93C-F0C7-DA44-E02C003CA82E}.Release|x86.ActiveCfg = Release|Any CPU
		{AB7D1F15-F93C-F0C7-DA44-E02C003CA82E}.Release|x86.Build.0 = Release|Any CPU
		{37407EBE-CBD1-3D21-44C6-7B204C0B8756}.Debug|Any CPU.ActiveCfg = Debug|Any CPU
		{37407EBE-CBD1-3D21-44C6-7B204C0B8756}.Debug|Any CPU.Build.0 = Debug|Any CPU
		{37407EBE-CBD1-3D21-44C6-7B204C0B8756}.Debug|x64.ActiveCfg = Debug|Any CPU
		{37407EBE-CBD1-3D21-44C6-7B204C0B8756}.Debug|x64.Build.0 = Debug|Any CPU
		{37407EBE-CBD1-3D21-44C6-7B204C0B8756}.Debug|x86.ActiveCfg = Debug|Any CPU
		{37407EBE-CBD1-3D21-44C6-7B204C0B8756}.Debug|x86.Build.0 = Debug|Any CPU
		{37407EBE-CBD1-3D21-44C6-7B204C0B8756}.Release|Any CPU.ActiveCfg = Release|Any CPU
		{37407EBE-CBD1-3D21-44C6-7B204C0B8756}.Release|Any CPU.Build.0 = Release|Any CPU
		{37407EBE-CBD1-3D21-44C6-7B204C0B8756}.Release|x64.ActiveCfg = Release|Any CPU
		{37407EBE-CBD1-3D21-44C6-7B204C0B8756}.Release|x64.Build.0 = Release|Any CPU
		{37407EBE-CBD1-3D21-44C6-7B204C0B8756}.Release|x86.ActiveCfg = Release|Any CPU
		{37407EBE-CBD1-3D21-44C6-7B204C0B8756}.Release|x86.Build.0 = Release|Any CPU
		{81DDED9D-158B-E303-5F62-77A2896D2A5A}.Debug|Any CPU.ActiveCfg = Debug|Any CPU
		{81DDED9D-158B-E303-5F62-77A2896D2A5A}.Debug|Any CPU.Build.0 = Debug|Any CPU
		{81DDED9D-158B-E303-5F62-77A2896D2A5A}.Debug|x64.ActiveCfg = Debug|x64
		{81DDED9D-158B-E303-5F62-77A2896D2A5A}.Debug|x86.ActiveCfg = Debug|x86
		{81DDED9D-158B-E303-5F62-77A2896D2A5A}.Release|Any CPU.ActiveCfg = Release|Any CPU
		{81DDED9D-158B-E303-5F62-77A2896D2A5A}.Release|Any CPU.Build.0 = Release|Any CPU
		{81DDED9D-158B-E303-5F62-77A2896D2A5A}.Release|x64.ActiveCfg = Release|x64
		{81DDED9D-158B-E303-5F62-77A2896D2A5A}.Release|x86.ActiveCfg = Release|x86
		{8EEDFD61-9857-4A46-8FD9-9AE72A59146C}.Debug|Any CPU.ActiveCfg = Debug|Any CPU
		{8EEDFD61-9857-4A46-8FD9-9AE72A59146C}.Debug|Any CPU.Build.0 = Debug|Any CPU
		{8EEDFD61-9857-4A46-8FD9-9AE72A59146C}.Debug|x64.ActiveCfg = Debug|Any CPU
		{8EEDFD61-9857-4A46-8FD9-9AE72A59146C}.Debug|x64.Build.0 = Debug|Any CPU
		{8EEDFD61-9857-4A46-8FD9-9AE72A59146C}.Debug|x86.ActiveCfg = Debug|Any CPU
		{8EEDFD61-9857-4A46-8FD9-9AE72A59146C}.Debug|x86.Build.0 = Debug|Any CPU
		{8EEDFD61-9857-4A46-8FD9-9AE72A59146C}.Release|Any CPU.ActiveCfg = Release|Any CPU
		{8EEDFD61-9857-4A46-8FD9-9AE72A59146C}.Release|Any CPU.Build.0 = Release|Any CPU
		{8EEDFD61-9857-4A46-8FD9-9AE72A59146C}.Release|x64.ActiveCfg = Release|Any CPU
		{8EEDFD61-9857-4A46-8FD9-9AE72A59146C}.Release|x64.Build.0 = Release|Any CPU
		{8EEDFD61-9857-4A46-8FD9-9AE72A59146C}.Release|x86.ActiveCfg = Release|Any CPU
		{8EEDFD61-9857-4A46-8FD9-9AE72A59146C}.Release|x86.Build.0 = Release|Any CPU
		{02DD638D-C5EC-4CFA-BDC3-D83EC3A6271E}.Debug|Any CPU.ActiveCfg = Debug|Any CPU
		{02DD638D-C5EC-4CFA-BDC3-D83EC3A6271E}.Debug|Any CPU.Build.0 = Debug|Any CPU
		{02DD638D-C5EC-4CFA-BDC3-D83EC3A6271E}.Debug|x64.ActiveCfg = Debug|Any CPU
		{02DD638D-C5EC-4CFA-BDC3-D83EC3A6271E}.Debug|x64.Build.0 = Debug|Any CPU
		{02DD638D-C5EC-4CFA-BDC3-D83EC3A6271E}.Debug|x86.ActiveCfg = Debug|Any CPU
		{02DD638D-C5EC-4CFA-BDC3-D83EC3A6271E}.Debug|x86.Build.0 = Debug|Any CPU
		{02DD638D-C5EC-4CFA-BDC3-D83EC3A6271E}.Release|Any CPU.ActiveCfg = Release|Any CPU
		{02DD638D-C5EC-4CFA-BDC3-D83EC3A6271E}.Release|Any CPU.Build.0 = Release|Any CPU
		{02DD638D-C5EC-4CFA-BDC3-D83EC3A6271E}.Release|x64.ActiveCfg = Release|Any CPU
		{02DD638D-C5EC-4CFA-BDC3-D83EC3A6271E}.Release|x64.Build.0 = Release|Any CPU
		{02DD638D-C5EC-4CFA-BDC3-D83EC3A6271E}.Release|x86.ActiveCfg = Release|Any CPU
		{02DD638D-C5EC-4CFA-BDC3-D83EC3A6271E}.Release|x86.Build.0 = Release|Any CPU
	EndGlobalSection
	GlobalSection(SolutionProperties) = preSolution
		HideSolutionNode = FALSE
	EndGlobalSection
	GlobalSection(ExtensibilityGlobals) = postSolution
		SolutionGuid = {B3BDFCAB-F015-41A4-A3CC-0E770172C694}
	EndGlobalSection
EndGlobal
